PODS:
  - HanekeSwift (0.9.1)
  - HCSStarRatingView (1.0)
  - JGMethodSwizzler (2.0.1)
  - MZAppearance (1.1.5)
  - MZFormSheetPresentationController (1.0.1):
    - JGMethodSwizzler
    - MZAppearance
  - SVProgressHUD (1.1.3)
  - TPKeyboardAvoiding (1.2.7)

DEPENDENCIES:
  - HanekeSwift
  - HCSStarRatingView (from `https://github.com/hugocampossousa/HCSStarRatingView.git`)
  - MZFormSheetPresentationController (~> 1.0.1)
  - SVProgressHUD
  - TPKeyboardAvoiding (~> 1.2.7)

EXTERNAL SOURCES:
  HCSStarRatingView:
    :git: https://github.com/hugocampossousa/HCSStarRatingView.git

CHECKOUT OPTIONS:
  HCSStarRatingView:
    :commit: 52fcff0ec04ba7d1f8c8219c2f24c8ec71258b93
    :git: https://github.com/hugocampossousa/HCSStarRatingView.git

SPEC CHECKSUMS:
  HanekeSwift: 50d37bfbc4432edc649167e538c259feccb4a2bb
  HCSStarRatingView: 6fb5c03b4ae2b8a1cca712da20fca99898c69af1
  JGMethodSwizzler: e0ea5c1c6c55304ec4ef3f54e441400c6735c899
  MZAppearance: 6e9dc64e42074c0a19812a327f590746c3283bab
  MZFormSheetPresentationController: 8a48589749da58177fb5184910fde5f48e3b6ecb
  SVProgressHUD: 748080e4f36e603f6c02aec292664239df5279c1
  TPKeyboardAvoiding: 9375176f625873c9f9246cd42d5fcf9fc5787ae9

COCOAPODS: 0.37.2
