// !$*UTF8*$!
{
	archiveVersion = 1;
	classes = {
	};
	objectVersion = 46;
	objects = {

/* Begin PBXBuildFile section */
		2F12FEB81B61CEAC0021A5A5 /* ReviewsTableViewController.swift in Sources */ = {isa = PBXBuildFile; fileRef = 2F12FEB71B61CEAC0021A5A5 /* ReviewsTableViewController.swift */; };
		2F1E573B1B50AA7D0078F673 /* SettingsTableViewController.swift in Sources */ = {isa = PBXBuildFile; fileRef = 2F1E573A1B50AA7D0078F673 /* SettingsTableViewController.swift */; };
		2F21CDDD1B4E043200312C9C /* BrewerySevice.swift in Sources */ = {isa = PBXBuildFile; fileRef = 2F21CDDC1B4E043200312C9C /* BrewerySevice.swift */; };
		2F21CDDF1B4ECA4300312C9C /* Brewery.swift in Sources */ = {isa = PBXBuildFile; fileRef = 2F21CDDE1B4ECA4300312C9C /* Brewery.swift */; };
		2F6C11521B391D4800E631FC /* BeerTableViewCell.swift in Sources */ = {isa = PBXBuildFile; fileRef = 2F6C11511B391D4800E631FC /* BeerTableViewCell.swift */; };
		2F897F871B2C21E40096D73C /* AppDelegate.swift in Sources */ = {isa = PBXBuildFile; fileRef = 2F897F861B2C21E40096D73C /* AppDelegate.swift */; };
		2F897F8E1B2C21E40096D73C /* Main.storyboard in Resources */ = {isa = PBXBuildFile; fileRef = 2F897F8C1B2C21E40096D73C /* Main.storyboard */; };
		2F897F901B2C21E40096D73C /* Images.xcassets in Resources */ = {isa = PBXBuildFile; fileRef = 2F897F8F1B2C21E40096D73C /* Images.xcassets */; };
		2F897F931B2C21E40096D73C /* LaunchScreen.xib in Resources */ = {isa = PBXBuildFile; fileRef = 2F897F911B2C21E40096D73C /* LaunchScreen.xib */; };
		2F897F9F1B2C21E40096D73C /* BrewBuddyTests.swift in Sources */ = {isa = PBXBuildFile; fileRef = 2F897F9E1B2C21E40096D73C /* BrewBuddyTests.swift */; };
		2F8B3C2C1B570FAA00734450 /* MustTryViewController.swift in Sources */ = {isa = PBXBuildFile; fileRef = 2F8B3C2B1B570FAA00734450 /* MustTryViewController.swift */; };
		2F8B3C301B5736DA00734450 /* AddBreweryViewController.swift in Sources */ = {isa = PBXBuildFile; fileRef = 2F8B3C2F1B5736DA00734450 /* AddBreweryViewController.swift */; };
		2F953E6C1B3C990100B0152D /* SignUpViewController.swift in Sources */ = {isa = PBXBuildFile; fileRef = 2F953E6B1B3C990100B0152D /* SignUpViewController.swift */; };
		2F953E6E1B3CBC1E00B0152D /* ReviewTableViewCell.swift in Sources */ = {isa = PBXBuildFile; fileRef = 2F953E6D1B3CBC1E00B0152D /* ReviewTableViewCell.swift */; };
		2FAB59D91B2C2A35009A1A0D /* BeerTableViewController.swift in Sources */ = {isa = PBXBuildFile; fileRef = 2FAB59D81B2C2A35009A1A0D /* BeerTableViewController.swift */; };
		2FC6F1151B4DE47200A138EB /* Breweries.swift in Sources */ = {isa = PBXBuildFile; fileRef = 2FC6F1141B4DE47200A138EB /* Breweries.swift */; };
		2FC6F1171B4DF18700A138EB /* NetworkOperation.swift in Sources */ = {isa = PBXBuildFile; fileRef = 2FC6F1161B4DF18700A138EB /* NetworkOperation.swift */; };
		2FDE98721B5A0DE000F15DB5 /* UIViewControllerExtensions.swift in Sources */ = {isa = PBXBuildFile; fileRef = 2FDE98711B5A0DE000F15DB5 /* UIViewControllerExtensions.swift */; };
		2FDE98741B5A538F00F15DB5 /* FavoritesViewController.swift in Sources */ = {isa = PBXBuildFile; fileRef = 2FDE98731B5A538F00F15DB5 /* FavoritesViewController.swift */; };
		2FDE98761B5B066C00F15DB5 /* BreweryByIdService.swift in Sources */ = {isa = PBXBuildFile; fileRef = 2FDE98751B5B066C00F15DB5 /* BreweryByIdService.swift */; };
		2FDE98781B5B08E500F15DB5 /* BreweryById.swift in Sources */ = {isa = PBXBuildFile; fileRef = 2FDE98771B5B08E500F15DB5 /* BreweryById.swift */; };
		2FECE9B71B3C6BD200DC82E1 /* Bolts.framework in Frameworks */ = {isa = PBXBuildFile; fileRef = 2FECE9B51B3C6BD200DC82E1 /* Bolts.framework */; };
		2FECE9B81B3C6BD200DC82E1 /* Parse.framework in Frameworks */ = {isa = PBXBuildFile; fileRef = 2FECE9B61B3C6BD200DC82E1 /* Parse.framework */; };
		2FECE9BA1B3C6CC500DC82E1 /* AudioToolbox.framework in Frameworks */ = {isa = PBXBuildFile; fileRef = 2FECE9B91B3C6CC500DC82E1 /* AudioToolbox.framework */; };
		2FECE9BC1B3C6CCE00DC82E1 /* CFNetwork.framework in Frameworks */ = {isa = PBXBuildFile; fileRef = 2FECE9BB1B3C6CCE00DC82E1 /* CFNetwork.framework */; };
		2FECE9BF1B3C6CE300DC82E1 /* CoreGraphics.framework in Frameworks */ = {isa = PBXBuildFile; fileRef = 2FECE9BD1B3C6CE300DC82E1 /* CoreGraphics.framework */; };
		2FECE9C01B3C6CE300DC82E1 /* CoreLocation.framework in Frameworks */ = {isa = PBXBuildFile; fileRef = 2FECE9BE1B3C6CE300DC82E1 /* CoreLocation.framework */; };
		2FECE9C21B3C6CF700DC82E1 /* MobileCoreServices.framework in Frameworks */ = {isa = PBXBuildFile; fileRef = 2FECE9C11B3C6CF700DC82E1 /* MobileCoreServices.framework */; };
		2FECE9C41B3C6D0000DC82E1 /* QuartzCore.framework in Frameworks */ = {isa = PBXBuildFile; fileRef = 2FECE9C31B3C6D0000DC82E1 /* QuartzCore.framework */; };
		2FECE9C61B3C6D1100DC82E1 /* Security.framework in Frameworks */ = {isa = PBXBuildFile; fileRef = 2FECE9C51B3C6D1100DC82E1 /* Security.framework */; };
		2FECE9C81B3C6D1B00DC82E1 /* StoreKit.framework in Frameworks */ = {isa = PBXBuildFile; fileRef = 2FECE9C71B3C6D1B00DC82E1 /* StoreKit.framework */; };
		2FECE9CA1B3C6D2A00DC82E1 /* SystemConfiguration.framework in Frameworks */ = {isa = PBXBuildFile; fileRef = 2FECE9C91B3C6D2A00DC82E1 /* SystemConfiguration.framework */; };
		2FECE9CC1B3C6D6800DC82E1 /* libz.dylib in Frameworks */ = {isa = PBXBuildFile; fileRef = 2FECE9CB1B3C6D6800DC82E1 /* libz.dylib */; };
		2FECE9CE1B3C6D7400DC82E1 /* libsqlite3.dylib in Frameworks */ = {isa = PBXBuildFile; fileRef = 2FECE9CD1B3C6D7400DC82E1 /* libsqlite3.dylib */; };
		2FECE9D01B3C6F7C00DC82E1 /* Accounts.framework in Frameworks */ = {isa = PBXBuildFile; fileRef = 2FECE9CF1B3C6F7C00DC82E1 /* Accounts.framework */; };
		2FECE9D21B3C6F8400DC82E1 /* Social.framework in Frameworks */ = {isa = PBXBuildFile; fileRef = 2FECE9D11B3C6F8400DC82E1 /* Social.framework */; };
		2FECE9D41B3C706A00DC82E1 /* ReviewViewController.swift in Sources */ = {isa = PBXBuildFile; fileRef = 2FECE9D31B3C706A00DC82E1 /* ReviewViewController.swift */; };
		2FECE9D81B3C723A00DC82E1 /* LoginViewController.swift in Sources */ = {isa = PBXBuildFile; fileRef = 2FECE9D71B3C723A00DC82E1 /* LoginViewController.swift */; };
		2FECE9DA1B3C7ED500DC82E1 /* DetailViewController.swift in Sources */ = {isa = PBXBuildFile; fileRef = 2FECE9D91B3C7ED500DC82E1 /* DetailViewController.swift */; };
		3B4A2768628690930695A162 /* Pods_BrewBuddy.framework in Frameworks */ = {isa = PBXBuildFile; fileRef = C4DBEDCFEA9BDEEC988B0A31 /* Pods_BrewBuddy.framework */; settings = {ATTRIBUTES = (Weak, ); }; };
/* End PBXBuildFile section */

/* Begin PBXContainerItemProxy section */
		2F897F991B2C21E40096D73C /* PBXContainerItemProxy */ = {
			isa = PBXContainerItemProxy;
			containerPortal = 2F897F791B2C21E40096D73C /* Project object */;
			proxyType = 1;
			remoteGlobalIDString = 2F897F801B2C21E40096D73C;
			remoteInfo = BrewBuddy;
		};
/* End PBXContainerItemProxy section */

/* Begin PBXFileReference section */
		2F12FEB71B61CEAC0021A5A5 /* ReviewsTableViewController.swift */ = {isa = PBXFileReference; fileEncoding = 4; lastKnownFileType = sourcecode.swift; path = ReviewsTableViewController.swift; sourceTree = "<group>"; };
		2F1E573A1B50AA7D0078F673 /* SettingsTableViewController.swift */ = {isa = PBXFileReference; fileEncoding = 4; lastKnownFileType = sourcecode.swift; path = SettingsTableViewController.swift; sourceTree = "<group>"; };
		2F21CDDC1B4E043200312C9C /* BrewerySevice.swift */ = {isa = PBXFileReference; fileEncoding = 4; lastKnownFileType = sourcecode.swift; path = BrewerySevice.swift; sourceTree = "<group>"; };
		2F21CDDE1B4ECA4300312C9C /* Brewery.swift */ = {isa = PBXFileReference; fileEncoding = 4; lastKnownFileType = sourcecode.swift; path = Brewery.swift; sourceTree = "<group>"; };
		2F6C11511B391D4800E631FC /* BeerTableViewCell.swift */ = {isa = PBXFileReference; fileEncoding = 4; lastKnownFileType = sourcecode.swift; path = BeerTableViewCell.swift; sourceTree = "<group>"; };
		2F897F811B2C21E40096D73C /* BrewBuddy.app */ = {isa = PBXFileReference; explicitFileType = wrapper.application; includeInIndex = 0; path = BrewBuddy.app; sourceTree = BUILT_PRODUCTS_DIR; };
		2F897F851B2C21E40096D73C /* Info.plist */ = {isa = PBXFileReference; lastKnownFileType = text.plist.xml; path = Info.plist; sourceTree = "<group>"; };
		2F897F861B2C21E40096D73C /* AppDelegate.swift */ = {isa = PBXFileReference; lastKnownFileType = sourcecode.swift; path = AppDelegate.swift; sourceTree = "<group>"; };
		2F897F8D1B2C21E40096D73C /* Base */ = {isa = PBXFileReference; lastKnownFileType = file.storyboard; name = Base; path = Base.lproj/Main.storyboard; sourceTree = "<group>"; };
		2F897F8F1B2C21E40096D73C /* Images.xcassets */ = {isa = PBXFileReference; lastKnownFileType = folder.assetcatalog; path = Images.xcassets; sourceTree = "<group>"; };
		2F897F921B2C21E40096D73C /* Base */ = {isa = PBXFileReference; lastKnownFileType = file.xib; name = Base; path = Base.lproj/LaunchScreen.xib; sourceTree = "<group>"; };
		2F897F981B2C21E40096D73C /* BrewBuddyTests.xctest */ = {isa = PBXFileReference; explicitFileType = wrapper.cfbundle; includeInIndex = 0; path = BrewBuddyTests.xctest; sourceTree = BUILT_PRODUCTS_DIR; };
		2F897F9D1B2C21E40096D73C /* Info.plist */ = {isa = PBXFileReference; lastKnownFileType = text.plist.xml; path = Info.plist; sourceTree = "<group>"; };
		2F897F9E1B2C21E40096D73C /* BrewBuddyTests.swift */ = {isa = PBXFileReference; lastKnownFileType = sourcecode.swift; path = BrewBuddyTests.swift; sourceTree = "<group>"; };
		2F8B3C2B1B570FAA00734450 /* MustTryViewController.swift */ = {isa = PBXFileReference; fileEncoding = 4; lastKnownFileType = sourcecode.swift; path = MustTryViewController.swift; sourceTree = "<group>"; };
		2F8B3C2F1B5736DA00734450 /* AddBreweryViewController.swift */ = {isa = PBXFileReference; fileEncoding = 4; lastKnownFileType = sourcecode.swift; path = AddBreweryViewController.swift; sourceTree = "<group>"; };
		2F953E6B1B3C990100B0152D /* SignUpViewController.swift */ = {isa = PBXFileReference; fileEncoding = 4; lastKnownFileType = sourcecode.swift; path = SignUpViewController.swift; sourceTree = "<group>"; };
		2F953E6D1B3CBC1E00B0152D /* ReviewTableViewCell.swift */ = {isa = PBXFileReference; fileEncoding = 4; lastKnownFileType = sourcecode.swift; path = ReviewTableViewCell.swift; sourceTree = "<group>"; };
		2FAB59A71B2C2653009A1A0D /* BrewBuddy-Bridging-Header.h */ = {isa = PBXFileReference; fileEncoding = 4; lastKnownFileType = sourcecode.c.h; path = "BrewBuddy-Bridging-Header.h"; sourceTree = "<group>"; };
		2FAB59D81B2C2A35009A1A0D /* BeerTableViewController.swift */ = {isa = PBXFileReference; fileEncoding = 4; lastKnownFileType = sourcecode.swift; path = BeerTableViewController.swift; sourceTree = "<group>"; };
		2FC6F1141B4DE47200A138EB /* Breweries.swift */ = {isa = PBXFileReference; fileEncoding = 4; lastKnownFileType = sourcecode.swift; path = Breweries.swift; sourceTree = "<group>"; };
		2FC6F1161B4DF18700A138EB /* NetworkOperation.swift */ = {isa = PBXFileReference; fileEncoding = 4; lastKnownFileType = sourcecode.swift; path = NetworkOperation.swift; sourceTree = "<group>"; };
		2FDE98711B5A0DE000F15DB5 /* UIViewControllerExtensions.swift */ = {isa = PBXFileReference; fileEncoding = 4; lastKnownFileType = sourcecode.swift; path = UIViewControllerExtensions.swift; sourceTree = "<group>"; };
		2FDE98731B5A538F00F15DB5 /* FavoritesViewController.swift */ = {isa = PBXFileReference; fileEncoding = 4; lastKnownFileType = sourcecode.swift; path = FavoritesViewController.swift; sourceTree = "<group>"; };
		2FDE98751B5B066C00F15DB5 /* BreweryByIdService.swift */ = {isa = PBXFileReference; fileEncoding = 4; lastKnownFileType = sourcecode.swift; path = BreweryByIdService.swift; sourceTree = "<group>"; };
		2FDE98771B5B08E500F15DB5 /* BreweryById.swift */ = {isa = PBXFileReference; fileEncoding = 4; lastKnownFileType = sourcecode.swift; path = BreweryById.swift; sourceTree = "<group>"; };
		2FECE9B51B3C6BD200DC82E1 /* Bolts.framework */ = {isa = PBXFileReference; lastKnownFileType = wrapper.framework; path = Bolts.framework; sourceTree = "<group>"; };
		2FECE9B61B3C6BD200DC82E1 /* Parse.framework */ = {isa = PBXFileReference; lastKnownFileType = wrapper.framework; path = Parse.framework; sourceTree = "<group>"; };
		2FECE9B91B3C6CC500DC82E1 /* AudioToolbox.framework */ = {isa = PBXFileReference; lastKnownFileType = wrapper.framework; name = AudioToolbox.framework; path = System/Library/Frameworks/AudioToolbox.framework; sourceTree = SDKROOT; };
		2FECE9BB1B3C6CCE00DC82E1 /* CFNetwork.framework */ = {isa = PBXFileReference; lastKnownFileType = wrapper.framework; name = CFNetwork.framework; path = System/Library/Frameworks/CFNetwork.framework; sourceTree = SDKROOT; };
		2FECE9BD1B3C6CE300DC82E1 /* CoreGraphics.framework */ = {isa = PBXFileReference; lastKnownFileType = wrapper.framework; name = CoreGraphics.framework; path = System/Library/Frameworks/CoreGraphics.framework; sourceTree = SDKROOT; };
		2FECE9BE1B3C6CE300DC82E1 /* CoreLocation.framework */ = {isa = PBXFileReference; lastKnownFileType = wrapper.framework; name = CoreLocation.framework; path = System/Library/Frameworks/CoreLocation.framework; sourceTree = SDKROOT; };
		2FECE9C11B3C6CF700DC82E1 /* MobileCoreServices.framework */ = {isa = PBXFileReference; lastKnownFileType = wrapper.framework; name = MobileCoreServices.framework; path = System/Library/Frameworks/MobileCoreServices.framework; sourceTree = SDKROOT; };
		2FECE9C31B3C6D0000DC82E1 /* QuartzCore.framework */ = {isa = PBXFileReference; lastKnownFileType = wrapper.framework; name = QuartzCore.framework; path = System/Library/Frameworks/QuartzCore.framework; sourceTree = SDKROOT; };
		2FECE9C51B3C6D1100DC82E1 /* Security.framework */ = {isa = PBXFileReference; lastKnownFileType = wrapper.framework; name = Security.framework; path = System/Library/Frameworks/Security.framework; sourceTree = SDKROOT; };
		2FECE9C71B3C6D1B00DC82E1 /* StoreKit.framework */ = {isa = PBXFileReference; lastKnownFileType = wrapper.framework; name = StoreKit.framework; path = System/Library/Frameworks/StoreKit.framework; sourceTree = SDKROOT; };
		2FECE9C91B3C6D2A00DC82E1 /* SystemConfiguration.framework */ = {isa = PBXFileReference; lastKnownFileType = wrapper.framework; name = SystemConfiguration.framework; path = System/Library/Frameworks/SystemConfiguration.framework; sourceTree = SDKROOT; };
		2FECE9CB1B3C6D6800DC82E1 /* libz.dylib */ = {isa = PBXFileReference; lastKnownFileType = "compiled.mach-o.dylib"; name = libz.dylib; path = usr/lib/libz.dylib; sourceTree = SDKROOT; };
		2FECE9CD1B3C6D7400DC82E1 /* libsqlite3.dylib */ = {isa = PBXFileReference; lastKnownFileType = "compiled.mach-o.dylib"; name = libsqlite3.dylib; path = usr/lib/libsqlite3.dylib; sourceTree = SDKROOT; };
		2FECE9CF1B3C6F7C00DC82E1 /* Accounts.framework */ = {isa = PBXFileReference; lastKnownFileType = wrapper.framework; name = Accounts.framework; path = System/Library/Frameworks/Accounts.framework; sourceTree = SDKROOT; };
		2FECE9D11B3C6F8400DC82E1 /* Social.framework */ = {isa = PBXFileReference; lastKnownFileType = wrapper.framework; name = Social.framework; path = System/Library/Frameworks/Social.framework; sourceTree = SDKROOT; };
		2FECE9D31B3C706A00DC82E1 /* ReviewViewController.swift */ = {isa = PBXFileReference; fileEncoding = 4; lastKnownFileType = sourcecode.swift; path = ReviewViewController.swift; sourceTree = "<group>"; };
		2FECE9D71B3C723A00DC82E1 /* LoginViewController.swift */ = {isa = PBXFileReference; fileEncoding = 4; lastKnownFileType = sourcecode.swift; path = LoginViewController.swift; sourceTree = "<group>"; };
		2FECE9D91B3C7ED500DC82E1 /* DetailViewController.swift */ = {isa = PBXFileReference; fileEncoding = 4; lastKnownFileType = sourcecode.swift; path = DetailViewController.swift; sourceTree = "<group>"; };
		BE20AE0735B7CB1C847AA467 /* Pods-BrewBuddy.debug.xcconfig */ = {isa = PBXFileReference; includeInIndex = 1; lastKnownFileType = text.xcconfig; name = "Pods-BrewBuddy.debug.xcconfig"; path = "Pods/Target Support Files/Pods-BrewBuddy/Pods-BrewBuddy.debug.xcconfig"; sourceTree = "<group>"; };
		C4DBEDCFEA9BDEEC988B0A31 /* Pods_BrewBuddy.framework */ = {isa = PBXFileReference; explicitFileType = wrapper.framework; includeInIndex = 0; path = Pods_BrewBuddy.framework; sourceTree = BUILT_PRODUCTS_DIR; };
		CFC37F711700FC82BB08F0E1 /* Pods-BrewBuddy.release.xcconfig */ = {isa = PBXFileReference; includeInIndex = 1; lastKnownFileType = text.xcconfig; name = "Pods-BrewBuddy.release.xcconfig"; path = "Pods/Target Support Files/Pods-BrewBuddy/Pods-BrewBuddy.release.xcconfig"; sourceTree = "<group>"; };
/* End PBXFileReference section */

/* Begin PBXFrameworksBuildPhase section */
		2F897F7E1B2C21E40096D73C /* Frameworks */ = {
			isa = PBXFrameworksBuildPhase;
			buildActionMask = 2147483647;
			files = (
				2FECE9D21B3C6F8400DC82E1 /* Social.framework in Frameworks */,
				2FECE9D01B3C6F7C00DC82E1 /* Accounts.framework in Frameworks */,
				2FECE9B71B3C6BD200DC82E1 /* Bolts.framework in Frameworks */,
				2FECE9CE1B3C6D7400DC82E1 /* libsqlite3.dylib in Frameworks */,
				2FECE9CC1B3C6D6800DC82E1 /* libz.dylib in Frameworks */,
				2FECE9CA1B3C6D2A00DC82E1 /* SystemConfiguration.framework in Frameworks */,
				2FECE9C81B3C6D1B00DC82E1 /* StoreKit.framework in Frameworks */,
				2FECE9C61B3C6D1100DC82E1 /* Security.framework in Frameworks */,
				2FECE9C41B3C6D0000DC82E1 /* QuartzCore.framework in Frameworks */,
				2FECE9C21B3C6CF700DC82E1 /* MobileCoreServices.framework in Frameworks */,
				2FECE9BF1B3C6CE300DC82E1 /* CoreGraphics.framework in Frameworks */,
				2FECE9C01B3C6CE300DC82E1 /* CoreLocation.framework in Frameworks */,
				2FECE9BC1B3C6CCE00DC82E1 /* CFNetwork.framework in Frameworks */,
				2FECE9BA1B3C6CC500DC82E1 /* AudioToolbox.framework in Frameworks */,
				3B4A2768628690930695A162 /* Pods_BrewBuddy.framework in Frameworks */,
				2FECE9B81B3C6BD200DC82E1 /* Parse.framework in Frameworks */,
			);
			runOnlyForDeploymentPostprocessing = 0;
		};
		2F897F951B2C21E40096D73C /* Frameworks */ = {
			isa = PBXFrameworksBuildPhase;
			buildActionMask = 2147483647;
			files = (
			);
			runOnlyForDeploymentPostprocessing = 0;
		};
/* End PBXFrameworksBuildPhase section */

/* Begin PBXGroup section */
		2F1E57391B50AA4C0078F673 /* Settings */ = {
			isa = PBXGroup;
			children = (
				2F1E573A1B50AA7D0078F673 /* SettingsTableViewController.swift */,
			);
			name = Settings;
			sourceTree = "<group>";
		};
		2F897F781B2C21E40096D73C = {
			isa = PBXGroup;
			children = (
				2F897F831B2C21E40096D73C /* BrewBuddy */,
				2F897F9B1B2C21E40096D73C /* BrewBuddyTests */,
				2F897F821B2C21E40096D73C /* Products */,
				F2D359E40E4ADD9FCA7D0985 /* Pods */,
				FC3A78603B0723D38AA8A2B2 /* Frameworks */,
				2FECE9B51B3C6BD200DC82E1 /* Bolts.framework */,
				2FECE9B61B3C6BD200DC82E1 /* Parse.framework */,
			);
			sourceTree = "<group>";
		};
		2F897F821B2C21E40096D73C /* Products */ = {
			isa = PBXGroup;
			children = (
				2F897F811B2C21E40096D73C /* BrewBuddy.app */,
				2F897F981B2C21E40096D73C /* BrewBuddyTests.xctest */,
			);
			name = Products;
			sourceTree = "<group>";
		};
		2F897F831B2C21E40096D73C /* BrewBuddy */ = {
			isa = PBXGroup;
			children = (
				2FAB59A71B2C2653009A1A0D /* BrewBuddy-Bridging-Header.h */,
				2FECE9D61B3C70F100DC82E1 /* Controllers */,
				2F1E57391B50AA4C0078F673 /* Settings */,
				2FECE9D51B3C70DA00DC82E1 /* Cells */,
				2FC6F1131B4DE43200A138EB /* Model */,
				2F897F861B2C21E40096D73C /* AppDelegate.swift */,
				2F897F8C1B2C21E40096D73C /* Main.storyboard */,
				2F897F8F1B2C21E40096D73C /* Images.xcassets */,
				2F897F911B2C21E40096D73C /* LaunchScreen.xib */,
				2F897F841B2C21E40096D73C /* Supporting Files */,
			);
			path = BrewBuddy;
			sourceTree = "<group>";
		};
		2F897F841B2C21E40096D73C /* Supporting Files */ = {
			isa = PBXGroup;
			children = (
				2F897F851B2C21E40096D73C /* Info.plist */,
			);
			name = "Supporting Files";
			sourceTree = "<group>";
		};
		2F897F9B1B2C21E40096D73C /* BrewBuddyTests */ = {
			isa = PBXGroup;
			children = (
				2F897F9E1B2C21E40096D73C /* BrewBuddyTests.swift */,
				2F897F9C1B2C21E40096D73C /* Supporting Files */,
			);
			path = BrewBuddyTests;
			sourceTree = "<group>";
		};
		2F897F9C1B2C21E40096D73C /* Supporting Files */ = {
			isa = PBXGroup;
			children = (
				2F897F9D1B2C21E40096D73C /* Info.plist */,
			);
			name = "Supporting Files";
			sourceTree = "<group>";
		};
		2F8B3C321B573CAD00734450 /* Network */ = {
			isa = PBXGroup;
			children = (
				2FC6F1161B4DF18700A138EB /* NetworkOperation.swift */,
				2F21CDDC1B4E043200312C9C /* BrewerySevice.swift */,
				2F21CDDE1B4ECA4300312C9C /* Brewery.swift */,
				2FDE98711B5A0DE000F15DB5 /* UIViewControllerExtensions.swift */,
				2FDE98751B5B066C00F15DB5 /* BreweryByIdService.swift */,
			);
			name = Network;
			sourceTree = "<group>";
		};
		2F8B3C331B582E4000734450 /* Login/Signup */ = {
			isa = PBXGroup;
			children = (
				2F953E6B1B3C990100B0152D /* SignUpViewController.swift */,
				2FECE9D71B3C723A00DC82E1 /* LoginViewController.swift */,
			);
			name = Login/Signup;
			sourceTree = "<group>";
		};
		2FC6F1131B4DE43200A138EB /* Model */ = {
			isa = PBXGroup;
			children = (
				2FC6F1141B4DE47200A138EB /* Breweries.swift */,
				2FDE98771B5B08E500F15DB5 /* BreweryById.swift */,
				2F8B3C321B573CAD00734450 /* Network */,
			);
			name = Model;
			sourceTree = "<group>";
		};
		2FECE9D51B3C70DA00DC82E1 /* Cells */ = {
			isa = PBXGroup;
			children = (
				2F953E6D1B3CBC1E00B0152D /* ReviewTableViewCell.swift */,
				2F6C11511B391D4800E631FC /* BeerTableViewCell.swift */,
			);
			name = Cells;
			sourceTree = "<group>";
		};
		2FECE9D61B3C70F100DC82E1 /* Controllers */ = {
			isa = PBXGroup;
			children = (
				2F8B3C331B582E4000734450 /* Login/Signup */,
				2FAB59D81B2C2A35009A1A0D /* BeerTableViewController.swift */,
				2FECE9D91B3C7ED500DC82E1 /* DetailViewController.swift */,
				2FECE9D31B3C706A00DC82E1 /* ReviewViewController.swift */,
				2F8B3C2B1B570FAA00734450 /* MustTryViewController.swift */,
				2F8B3C2F1B5736DA00734450 /* AddBreweryViewController.swift */,
				2FDE98731B5A538F00F15DB5 /* FavoritesViewController.swift */,
				2F12FEB71B61CEAC0021A5A5 /* ReviewsTableViewController.swift */,
			);
			name = Controllers;
			sourceTree = "<group>";
		};
		F2D359E40E4ADD9FCA7D0985 /* Pods */ = {
			isa = PBXGroup;
			children = (
				BE20AE0735B7CB1C847AA467 /* Pods-BrewBuddy.debug.xcconfig */,
				CFC37F711700FC82BB08F0E1 /* Pods-BrewBuddy.release.xcconfig */,
			);
			name = Pods;
			sourceTree = "<group>";
		};
		FC3A78603B0723D38AA8A2B2 /* Frameworks */ = {
			isa = PBXGroup;
			children = (
				2FECE9D11B3C6F8400DC82E1 /* Social.framework */,
				2FECE9CF1B3C6F7C00DC82E1 /* Accounts.framework */,
				2FECE9CD1B3C6D7400DC82E1 /* libsqlite3.dylib */,
				2FECE9CB1B3C6D6800DC82E1 /* libz.dylib */,
				2FECE9C91B3C6D2A00DC82E1 /* SystemConfiguration.framework */,
				2FECE9C71B3C6D1B00DC82E1 /* StoreKit.framework */,
				2FECE9C51B3C6D1100DC82E1 /* Security.framework */,
				2FECE9C31B3C6D0000DC82E1 /* QuartzCore.framework */,
				2FECE9C11B3C6CF700DC82E1 /* MobileCoreServices.framework */,
				2FECE9BD1B3C6CE300DC82E1 /* CoreGraphics.framework */,
				2FECE9BE1B3C6CE300DC82E1 /* CoreLocation.framework */,
				2FECE9BB1B3C6CCE00DC82E1 /* CFNetwork.framework */,
				2FECE9B91B3C6CC500DC82E1 /* AudioToolbox.framework */,
				C4DBEDCFEA9BDEEC988B0A31 /* Pods_BrewBuddy.framework */,
			);
			name = Frameworks;
			sourceTree = "<group>";
		};
/* End PBXGroup section */

/* Begin PBXNativeTarget section */
		2F897F801B2C21E40096D73C /* BrewBuddy */ = {
			isa = PBXNativeTarget;
			buildConfigurationList = 2F897FA21B2C21E40096D73C /* Build configuration list for PBXNativeTarget "BrewBuddy" */;
			buildPhases = (
				E14D02D5F4E28945B37572F1 /* Check Pods Manifest.lock */,
				2F897F7D1B2C21E40096D73C /* Sources */,
				2F897F7E1B2C21E40096D73C /* Frameworks */,
				2F897F7F1B2C21E40096D73C /* Resources */,
				0BE2F572BED2549B36AA23D6 /* Copy Pods Resources */,
				4508CF303C5E5B1B31258667 /* Embed Pods Frameworks */,
			);
			buildRules = (
			);
			dependencies = (
			);
			name = BrewBuddy;
			productName = BrewBuddy;
			productReference = 2F897F811B2C21E40096D73C /* BrewBuddy.app */;
			productType = "com.apple.product-type.application";
		};
		2F897F971B2C21E40096D73C /* BrewBuddyTests */ = {
			isa = PBXNativeTarget;
			buildConfigurationList = 2F897FA51B2C21E40096D73C /* Build configuration list for PBXNativeTarget "BrewBuddyTests" */;
			buildPhases = (
				2F897F941B2C21E40096D73C /* Sources */,
				2F897F951B2C21E40096D73C /* Frameworks */,
				2F897F961B2C21E40096D73C /* Resources */,
			);
			buildRules = (
			);
			dependencies = (
				2F897F9A1B2C21E40096D73C /* PBXTargetDependency */,
			);
			name = BrewBuddyTests;
			productName = BrewBuddyTests;
			productReference = 2F897F981B2C21E40096D73C /* BrewBuddyTests.xctest */;
			productType = "com.apple.product-type.bundle.unit-test";
		};
/* End PBXNativeTarget section */

/* Begin PBXProject section */
		2F897F791B2C21E40096D73C /* Project object */ = {
			isa = PBXProject;
			attributes = {
				LastSwiftUpdateCheck = 0700;
				LastUpgradeCheck = 0630;
				ORGANIZATIONNAME = "Miller Apps";
				TargetAttributes = {
					2F897F801B2C21E40096D73C = {
						CreatedOnToolsVersion = 6.3.2;
						DevelopmentTeam = N2263DH3H7;
					};
					2F897F971B2C21E40096D73C = {
						CreatedOnToolsVersion = 6.3.2;
						TestTargetID = 2F897F801B2C21E40096D73C;
					};
				};
			};
			buildConfigurationList = 2F897F7C1B2C21E40096D73C /* Build configuration list for PBXProject "BrewBuddy" */;
			compatibilityVersion = "Xcode 3.2";
			developmentRegion = English;
			hasScannedForEncodings = 0;
			knownRegions = (
				en,
				Base,
			);
			mainGroup = 2F897F781B2C21E40096D73C;
			productRefGroup = 2F897F821B2C21E40096D73C /* Products */;
			projectDirPath = "";
			projectRoot = "";
			targets = (
				2F897F801B2C21E40096D73C /* BrewBuddy */,
				2F897F971B2C21E40096D73C /* BrewBuddyTests */,
			);
		};
/* End PBXProject section */

/* Begin PBXResourcesBuildPhase section */
		2F897F7F1B2C21E40096D73C /* Resources */ = {
			isa = PBXResourcesBuildPhase;
			buildActionMask = 2147483647;
			files = (
				2F897F8E1B2C21E40096D73C /* Main.storyboard in Resources */,
				2F897F931B2C21E40096D73C /* LaunchScreen.xib in Resources */,
				2F897F901B2C21E40096D73C /* Images.xcassets in Resources */,
			);
			runOnlyForDeploymentPostprocessing = 0;
		};
		2F897F961B2C21E40096D73C /* Resources */ = {
			isa = PBXResourcesBuildPhase;
			buildActionMask = 2147483647;
			files = (
			);
			runOnlyForDeploymentPostprocessing = 0;
		};
/* End PBXResourcesBuildPhase section */

/* Begin PBXShellScriptBuildPhase section */
		0BE2F572BED2549B36AA23D6 /* Copy Pods Resources */ = {
			isa = PBXShellScriptBuildPhase;
			buildActionMask = 2147483647;
			files = (
			);
			inputPaths = (
			);
			name = "Copy Pods Resources";
			outputPaths = (
			);
			runOnlyForDeploymentPostprocessing = 0;
			shellPath = /bin/sh;
			shellScript = "\"${SRCROOT}/Pods/Target Support Files/Pods-BrewBuddy/Pods-BrewBuddy-resources.sh\"\n";
			showEnvVarsInLog = 0;
		};
		4508CF303C5E5B1B31258667 /* Embed Pods Frameworks */ = {
			isa = PBXShellScriptBuildPhase;
			buildActionMask = 2147483647;
			files = (
			);
			inputPaths = (
			);
			name = "Embed Pods Frameworks";
			outputPaths = (
			);
			runOnlyForDeploymentPostprocessing = 0;
			shellPath = /bin/sh;
			shellScript = "\"${SRCROOT}/Pods/Target Support Files/Pods-BrewBuddy/Pods-BrewBuddy-frameworks.sh\"\n";
			showEnvVarsInLog = 0;
		};
		E14D02D5F4E28945B37572F1 /* Check Pods Manifest.lock */ = {
			isa = PBXShellScriptBuildPhase;
			buildActionMask = 2147483647;
			files = (
			);
			inputPaths = (
			);
			name = "Check Pods Manifest.lock";
			outputPaths = (
			);
			runOnlyForDeploymentPostprocessing = 0;
			shellPath = /bin/sh;
			shellScript = "diff \"${PODS_ROOT}/../Podfile.lock\" \"${PODS_ROOT}/Manifest.lock\" > /dev/null\nif [[ $? != 0 ]] ; then\n    cat << EOM\nerror: The sandbox is not in sync with the Podfile.lock. Run 'pod install' or update your CocoaPods installation.\nEOM\n    exit 1\nfi\n";
			showEnvVarsInLog = 0;
		};
/* End PBXShellScriptBuildPhase section */

/* Begin PBXSourcesBuildPhase section */
		2F897F7D1B2C21E40096D73C /* Sources */ = {
			isa = PBXSourcesBuildPhase;
			buildActionMask = 2147483647;
			files = (
				2FDE98761B5B066C00F15DB5 /* BreweryByIdService.swift in Sources */,
				2FDE98721B5A0DE000F15DB5 /* UIViewControllerExtensions.swift in Sources */,
				2F21CDDF1B4ECA4300312C9C /* Brewery.swift in Sources */,
				2FECE9D81B3C723A00DC82E1 /* LoginViewController.swift in Sources */,
				2F12FEB81B61CEAC0021A5A5 /* ReviewsTableViewController.swift in Sources */,
				2F897F871B2C21E40096D73C /* AppDelegate.swift in Sources */,
				2FDE98781B5B08E500F15DB5 /* BreweryById.swift in Sources */,
				2FC6F1151B4DE47200A138EB /* Breweries.swift in Sources */,
				2F953E6C1B3C990100B0152D /* SignUpViewController.swift in Sources */,
				2F6C11521B391D4800E631FC /* BeerTableViewCell.swift in Sources */,
				2F1E573B1B50AA7D0078F673 /* SettingsTableViewController.swift in Sources */,
				2FECE9D41B3C706A00DC82E1 /* ReviewViewController.swift in Sources */,
				2F8B3C301B5736DA00734450 /* AddBreweryViewController.swift in Sources */,
				2FDE98741B5A538F00F15DB5 /* FavoritesViewController.swift in Sources */,
				2FAB59D91B2C2A35009A1A0D /* BeerTableViewController.swift in Sources */,
				2F953E6E1B3CBC1E00B0152D /* ReviewTableViewCell.swift in Sources */,
				2F21CDDD1B4E043200312C9C /* BrewerySevice.swift in Sources */,
				2F8B3C2C1B570FAA00734450 /* MustTryViewController.swift in Sources */,
				2FECE9DA1B3C7ED500DC82E1 /* DetailViewController.swift in Sources */,
				2FC6F1171B4DF18700A138EB /* NetworkOperation.swift in Sources */,
			);
			runOnlyForDeploymentPostprocessing = 0;
		};
		2F897F941B2C21E40096D73C /* Sources */ = {
			isa = PBXSourcesBuildPhase;
			buildActionMask = 2147483647;
			files = (
				2F897F9F1B2C21E40096D73C /* BrewBuddyTests.swift in Sources */,
			);
			runOnlyForDeploymentPostprocessing = 0;
		};
/* End PBXSourcesBuildPhase section */

/* Begin PBXTargetDependency section */
		2F897F9A1B2C21E40096D73C /* PBXTargetDependency */ = {
			isa = PBXTargetDependency;
			target = 2F897F801B2C21E40096D73C /* BrewBuddy */;
			targetProxy = 2F897F991B2C21E40096D73C /* PBXContainerItemProxy */;
		};
/* End PBXTargetDependency section */

/* Begin PBXVariantGroup section */
		2F897F8C1B2C21E40096D73C /* Main.storyboard */ = {
			isa = PBXVariantGroup;
			children = (
				2F897F8D1B2C21E40096D73C /* Base */,
			);
			name = Main.storyboard;
			sourceTree = "<group>";
		};
		2F897F911B2C21E40096D73C /* LaunchScreen.xib */ = {
			isa = PBXVariantGroup;
			children = (
				2F897F921B2C21E40096D73C /* Base */,
			);
			name = LaunchScreen.xib;
			sourceTree = "<group>";
		};
/* End PBXVariantGroup section */

/* Begin XCBuildConfiguration section */
		2F897FA01B2C21E40096D73C /* Debug */ = {
			isa = XCBuildConfiguration;
			buildSettings = {
				ALWAYS_SEARCH_USER_PATHS = NO;
				CLANG_CXX_LANGUAGE_STANDARD = "gnu++0x";
				CLANG_CXX_LIBRARY = "libc++";
				CLANG_ENABLE_MODULES = YES;
				CLANG_ENABLE_OBJC_ARC = YES;
				CLANG_WARN_BOOL_CONVERSION = YES;
				CLANG_WARN_CONSTANT_CONVERSION = YES;
				CLANG_WARN_DIRECT_OBJC_ISA_USAGE = YES_ERROR;
				CLANG_WARN_EMPTY_BODY = YES;
				CLANG_WARN_ENUM_CONVERSION = YES;
				CLANG_WARN_INT_CONVERSION = YES;
				CLANG_WARN_OBJC_ROOT_CLASS = YES_ERROR;
				CLANG_WARN_UNREACHABLE_CODE = YES;
				CLANG_WARN__DUPLICATE_METHOD_MATCH = YES;
				CODE_SIGN_IDENTITY = "iPhone Developer: Tyler Miller (55TSF9YHAP)";
				"CODE_SIGN_IDENTITY[sdk=iphoneos*]" = "iPhone Developer: Tyler Miller (55TSF9YHAP)";
				COPY_PHASE_STRIP = NO;
				DEBUG_INFORMATION_FORMAT = "dwarf-with-dsym";
				ENABLE_STRICT_OBJC_MSGSEND = YES;
				GCC_C_LANGUAGE_STANDARD = gnu99;
				GCC_DYNAMIC_NO_PIC = NO;
				GCC_NO_COMMON_BLOCKS = YES;
				GCC_OPTIMIZATION_LEVEL = 0;
				GCC_PREPROCESSOR_DEFINITIONS = (
					"DEBUG=1",
					"$(inherited)",
				);
				GCC_SYMBOLS_PRIVATE_EXTERN = NO;
				GCC_WARN_64_TO_32_BIT_CONVERSION = YES;
				GCC_WARN_ABOUT_RETURN_TYPE = YES_ERROR;
				GCC_WARN_UNDECLARED_SELECTOR = YES;
				GCC_WARN_UNINITIALIZED_AUTOS = YES_AGGRESSIVE;
				GCC_WARN_UNUSED_FUNCTION = YES;
				GCC_WARN_UNUSED_VARIABLE = YES;
				IPHONEOS_DEPLOYMENT_TARGET = 8.3;
				MTL_ENABLE_DEBUG_INFO = YES;
				ONLY_ACTIVE_ARCH = YES;
				SDKROOT = iphoneos;
				SWIFT_OPTIMIZATION_LEVEL = "-Onone";
			};
			name = Debug;
		};
		2F897FA11B2C21E40096D73C /* Release */ = {
			isa = XCBuildConfiguration;
			buildSettings = {
				ALWAYS_SEARCH_USER_PATHS = NO;
				CLANG_CXX_LANGUAGE_STANDARD = "gnu++0x";
				CLANG_CXX_LIBRARY = "libc++";
				CLANG_ENABLE_MODULES = YES;
				CLANG_ENABLE_OBJC_ARC = YES;
				CLANG_WARN_BOOL_CONVERSION = YES;
				CLANG_WARN_CONSTANT_CONVERSION = YES;
				CLANG_WARN_DIRECT_OBJC_ISA_USAGE = YES_ERROR;
				CLANG_WARN_EMPTY_BODY = YES;
				CLANG_WARN_ENUM_CONVERSION = YES;
				CLANG_WARN_INT_CONVERSION = YES;
				CLANG_WARN_OBJC_ROOT_CLASS = YES_ERROR;
				CLANG_WARN_UNREACHABLE_CODE = YES;
				CLANG_WARN__DUPLICATE_METHOD_MATCH = YES;
				"CODE_SIGN_IDENTITY[sdk=iphoneos*]" = "iPhone Developer";
				COPY_PHASE_STRIP = NO;
				DEBUG_INFORMATION_FORMAT = "dwarf-with-dsym";
				ENABLE_NS_ASSERTIONS = NO;
				ENABLE_STRICT_OBJC_MSGSEND = YES;
				GCC_C_LANGUAGE_STANDARD = gnu99;
				GCC_NO_COMMON_BLOCKS = YES;
				GCC_WARN_64_TO_32_BIT_CONVERSION = YES;
				GCC_WARN_ABOUT_RETURN_TYPE = YES_ERROR;
				GCC_WARN_UNDECLARED_SELECTOR = YES;
				GCC_WARN_UNINITIALIZED_AUTOS = YES_AGGRESSIVE;
				GCC_WARN_UNUSED_FUNCTION = YES;
				GCC_WARN_UNUSED_VARIABLE = YES;
				IPHONEOS_DEPLOYMENT_TARGET = 8.3;
				MTL_ENABLE_DEBUG_INFO = NO;
				SDKROOT = iphoneos;
				VALIDATE_PRODUCT = YES;
			};
			name = Release;
		};
		2F897FA31B2C21E40096D73C /* Debug */ = {
			isa = XCBuildConfiguration;
			baseConfigurationReference = BE20AE0735B7CB1C847AA467 /* Pods-BrewBuddy.debug.xcconfig */;
			buildSettings = {
				ASSETCATALOG_COMPILER_APPICON_NAME = AppIcon;
				CODE_SIGN_IDENTITY = "iPhone Developer";
				"CODE_SIGN_IDENTITY[sdk=iphoneos*]" = "iPhone Developer";
				FRAMEWORK_SEARCH_PATHS = (
					"$(inherited)",
					"$(PROJECT_DIR)",
				);
				INFOPLIST_FILE = BrewBuddy/Info.plist;
				LD_RUNPATH_SEARCH_PATHS = "$(inherited) @executable_path/Frameworks";
				PRODUCT_NAME = "$(TARGET_NAME)";
				PROVISIONING_PROFILE = "";
				SWIFT_OBJC_BRIDGING_HEADER = "$(SRCROOT)/$(PROJECT_NAME)/BrewBuddy-Bridging-Header.h";
				USER_HEADER_SEARCH_PATHS = "Pods/**";
			};
			name = Debug;
		};
		2F897FA41B2C21E40096D73C /* Release */ = {
			isa = XCBuildConfiguration;
			baseConfigurationReference = CFC37F711700FC82BB08F0E1 /* Pods-BrewBuddy.release.xcconfig */;
			buildSettings = {
				ASSETCATALOG_COMPILER_APPICON_NAME = AppIcon;
				CODE_SIGN_IDENTITY = "iPhone Developer";
				"CODE_SIGN_IDENTITY[sdk=iphoneos*]" = "iPhone Developer";
				FRAMEWORK_SEARCH_PATHS = (
					"$(inherited)",
					"$(PROJECT_DIR)",
				);
				INFOPLIST_FILE = BrewBuddy/Info.plist;
				LD_RUNPATH_SEARCH_PATHS = "$(inherited) @executable_path/Frameworks";
				PRODUCT_NAME = "$(TARGET_NAME)";
				PROVISIONING_PROFILE = "";
				SWIFT_OBJC_BRIDGING_HEADER = "$(SRCROOT)/$(PROJECT_NAME)/BrewBuddy-Bridging-Header.h";
				USER_HEADER_SEARCH_PATHS = "Pods/**";
			};
			name = Release;
		};
		2F897FA61B2C21E40096D73C /* Debug */ = {
			isa = XCBuildConfiguration;
			buildSettings = {
				BUNDLE_LOADER = "$(TEST_HOST)";
				FRAMEWORK_SEARCH_PATHS = (
					"$(SDKROOT)/Developer/Library/Frameworks",
					"$(inherited)",
				);
				GCC_PREPROCESSOR_DEFINITIONS = (
					"DEBUG=1",
					"$(inherited)",
				);
				INFOPLIST_FILE = BrewBuddyTests/Info.plist;
				LD_RUNPATH_SEARCH_PATHS = "$(inherited) @executable_path/Frameworks @loader_path/Frameworks";
				PRODUCT_NAME = "$(TARGET_NAME)";
				TEST_HOST = "$(BUILT_PRODUCTS_DIR)/BrewBuddy.app/BrewBuddy";
			};
			name = Debug;
		};
		2F897FA71B2C21E40096D73C /* Release */ = {
			isa = XCBuildConfiguration;
			buildSettings = {
				BUNDLE_LOADER = "$(TEST_HOST)";
				FRAMEWORK_SEARCH_PATHS = (
					"$(SDKROOT)/Developer/Library/Frameworks",
					"$(inherited)",
				);
				INFOPLIST_FILE = BrewBuddyTests/Info.plist;
				LD_RUNPATH_SEARCH_PATHS = "$(inherited) @executable_path/Frameworks @loader_path/Frameworks";
				PRODUCT_NAME = "$(TARGET_NAME)";
				TEST_HOST = "$(BUILT_PRODUCTS_DIR)/BrewBuddy.app/BrewBuddy";
			};
			name = Release;
		};
/* End XCBuildConfiguration section */

/* Begin XCConfigurationList section */
		2F897F7C1B2C21E40096D73C /* Build configuration list for PBXProject "BrewBuddy" */ = {
			isa = XCConfigurationList;
			buildConfigurations = (
				2F897FA01B2C21E40096D73C /* Debug */,
				2F897FA11B2C21E40096D73C /* Release */,
			);
			defaultConfigurationIsVisible = 0;
			defaultConfigurationName = Release;
		};
		2F897FA21B2C21E40096D73C /* Build configuration list for PBXNativeTarget "BrewBuddy" */ = {
			isa = XCConfigurationList;
			buildConfigurations = (
				2F897FA31B2C21E40096D73C /* Debug */,
				2F897FA41B2C21E40096D73C /* Release */,
			);
			defaultConfigurationIsVisible = 0;
			defaultConfigurationName = Release;
		};
		2F897FA51B2C21E40096D73C /* Build configuration list for PBXNativeTarget "BrewBuddyTests" */ = {
			isa = XCConfigurationList;
			buildConfigurations = (
				2F897FA61B2C21E40096D73C /* Debug */,
				2F897FA71B2C21E40096D73C /* Release */,
			);
			defaultConfigurationIsVisible = 0;
			defaultConfigurationName = Release;
		};
/* End XCConfigurationList section */
	};
	rootObject = 2F897F791B2C21E40096D73C /* Project object */;
}
